
Microsoft Visual Studio Solution File, Format Version 12.00
# Visual Studio Version 17
VisualStudioVersion = 17.14.36202.13 d17.14
MinimumVisualStudioVersion = 10.0.40219.1
Project("{FAE04EC0-301F-11D3-BF4B-00C04F79EFBC}") = "Exercicios", "Exercicios\Exercicios.csproj", "{59FC929C-F97F-4508-9504-C4B11677C826}"
EndProject
Global
	GlobalSection(SolutionConfigurationPlatforms) = preSolution
		Debug|Any CPU = Debug|Any CPU
		Release|Any CPU = Release|Any CPU
	EndGlobalSection
	GlobalSection(ProjectConfigurationPlatforms) = postSolution
		{59FC929C-F97F-4508-9504-C4B11677C826}.Debug|Any CPU.ActiveCfg = Debug|Any CPU
		{59FC929C-F97F-4508-9504-C4B11677C826}.Debug|Any CPU.Build.0 = Debug|Any CPU
		{59FC929C-F97F-4508-9504-C4B11677C826}.Release|Any CPU.ActiveCfg = Release|Any CPU
		{59FC929C-F97F-4508-9504-C4B11677C826}.Release|Any CPU.Build.0 = Release|Any CPU
	EndGlobalSection
	GlobalSection(SolutionProperties) = preSolution
		HideSolutionNode = FALSE
	EndGlobalSection
	GlobalSection(ExtensibilityGlobals) = postSolution
		SolutionGuid = {F7FCB4F0-C9DE-4F95-82BA-980DD3129CF3}
	EndGlobalSection
EndGlobal
